
Microsoft Visual Studio Solution File, Format Version 12.00
# Visual Studio Version 17
VisualStudioVersion = 17.3.32901.215
MinimumVisualStudioVersion = 10.0.40219.1
Project("{FAE04EC0-301F-11D3-BF4B-00C04F79EFBC}") = "EntityLayer", "EntityLayer\EntityLayer.csproj", "{7FAB1F6D-86B5-4687-A53C-CB1B70C688C9}"
EndProject
Project("{FAE04EC0-301F-11D3-BF4B-00C04F79EFBC}") = "DataAccessLayer", "DataAccessLayer\DataAccessLayer.csproj", "{CDBDD071-B0ED-4C76-88C7-36B0432B71FE}"
EndProject
Project("{FAE04EC0-301F-11D3-BF4B-00C04F79EFBC}") = "BusinessLayer", "BusinessLayer\BusinessLayer.csproj", "{2ABFDCB5-ACA1-4DF0-A12D-7A51A65D3A29}"
EndProject
Project("{FAE04EC0-301F-11D3-BF4B-00C04F79EFBC}") = "MVCPro", "MVCPro\MVCPro.csproj", "{1ADCDB78-52B2-416D-82E5-DB036C20049A}"
EndProject
Global
	GlobalSection(SolutionConfigurationPlatforms) = preSolution
		Debug|Any CPU = Debug|Any CPU
		Release|Any CPU = Release|Any CPU
	EndGlobalSection
	GlobalSection(ProjectConfigurationPlatforms) = postSolution
		{7FAB1F6D-86B5-4687-A53C-CB1B70C688C9}.Debug|Any CPU.ActiveCfg = Debug|Any CPU
		{7FAB1F6D-86B5-4687-A53C-CB1B70C688C9}.Debug|Any CPU.Build.0 = Debug|Any CPU
		{7FAB1F6D-86B5-4687-A53C-CB1B70C688C9}.Release|Any CPU.ActiveCfg = Release|Any CPU
		{7FAB1F6D-86B5-4687-A53C-CB1B70C688C9}.Release|Any CPU.Build.0 = Release|Any CPU
		{CDBDD071-B0ED-4C76-88C7-36B0432B71FE}.Debug|Any CPU.ActiveCfg = Debug|Any CPU
		{CDBDD071-B0ED-4C76-88C7-36B0432B71FE}.Debug|Any CPU.Build.0 = Debug|Any CPU
		{CDBDD071-B0ED-4C76-88C7-36B0432B71FE}.Release|Any CPU.ActiveCfg = Release|Any CPU
		{CDBDD071-B0ED-4C76-88C7-36B0432B71FE}.Release|Any CPU.Build.0 = Release|Any CPU
		{2ABFDCB5-ACA1-4DF0-A12D-7A51A65D3A29}.Debug|Any CPU.ActiveCfg = Debug|Any CPU
		{2ABFDCB5-ACA1-4DF0-A12D-7A51A65D3A29}.Debug|Any CPU.Build.0 = Debug|Any CPU
		{2ABFDCB5-ACA1-4DF0-A12D-7A51A65D3A29}.Release|Any CPU.ActiveCfg = Release|Any CPU
		{2ABFDCB5-ACA1-4DF0-A12D-7A51A65D3A29}.Release|Any CPU.Build.0 = Release|Any CPU
		{1ADCDB78-52B2-416D-82E5-DB036C20049A}.Debug|Any CPU.ActiveCfg = Debug|Any CPU
		{1ADCDB78-52B2-416D-82E5-DB036C20049A}.Debug|Any CPU.Build.0 = Debug|Any CPU
		{1ADCDB78-52B2-416D-82E5-DB036C20049A}.Release|Any CPU.ActiveCfg = Release|Any CPU
		{1ADCDB78-52B2-416D-82E5-DB036C20049A}.Release|Any CPU.Build.0 = Release|Any CPU
	EndGlobalSection
	GlobalSection(SolutionProperties) = preSolution
		HideSolutionNode = FALSE
	EndGlobalSection
	GlobalSection(ExtensibilityGlobals) = postSolution
		SolutionGuid = {3E417875-9F4D-40EC-BBF4-4E1CDD4FD16C}
	EndGlobalSection
EndGlobal
